
Microsoft Visual Studio Solution File, Format Version 12.00
# Visual Studio 14
VisualStudioVersion = 14.0.25420.1
MinimumVisualStudioVersion = 10.0.40219.1
Project("{2150E333-8FDC-42A3-9474-1A3956D46DE8}") = "src", "src", "{B0329A94-3CCB-48EE-9EA4-4A44C47AC834}"
EndProject
Project("{8BB2217D-0F2D-49D1-97BC-3654ED321F3B}") = "AspNetCoreNodeApp", "src\AspNetCoreNodeApp\AspNetCoreNodeApp.xproj", "{E9207C7E-BD01-4200-A2BE-5F53EFD84571}"
EndProject
Project("{8BB2217D-0F2D-49D1-97BC-3654ED321F3B}") = "ServiceMonitor", "src\ServiceMonitor\ServiceMonitor.xproj", "{254AB778-40C4-49C4-AC57-B4455C635B4E}"
EndProject
Project("{8BB2217D-0F2D-49D1-97BC-3654ED321F3B}") = "ASP.NETCore", "src\ASP.NETCore\ASP.NETCore.xproj", "{94483CE6-FD79-4E81-B551-9F1DB2CACB06}"
EndProject
Project("{8BB2217D-0F2D-49D1-97BC-3654ED321F3B}") = "HttpsDemo", "src\HttpsDemo\HttpsDemo.xproj", "{FABE6668-F28D-42DF-8F5C-C493555A8F74}"
EndProject
Project("{8BB2217D-0F2D-49D1-97BC-3654ED321F3B}") = "WebApplication1", "src\WebApplication1\WebApplication1.xproj", "{72D4A463-EF8D-4149-BD94-919DD18CE988}"
EndProject
Global
	GlobalSection(SolutionConfigurationPlatforms) = preSolution
		Debug|Any CPU = Debug|Any CPU
		Release|Any CPU = Release|Any CPU
	EndGlobalSection
	GlobalSection(ProjectConfigurationPlatforms) = postSolution
		{E9207C7E-BD01-4200-A2BE-5F53EFD84571}.Debug|Any CPU.ActiveCfg = Debug|Any CPU
		{E9207C7E-BD01-4200-A2BE-5F53EFD84571}.Debug|Any CPU.Build.0 = Debug|Any CPU
		{E9207C7E-BD01-4200-A2BE-5F53EFD84571}.Release|Any CPU.ActiveCfg = Release|Any CPU
		{E9207C7E-BD01-4200-A2BE-5F53EFD84571}.Release|Any CPU.Build.0 = Release|Any CPU
		{254AB778-40C4-49C4-AC57-B4455C635B4E}.Debug|Any CPU.ActiveCfg = Debug|Any CPU
		{254AB778-40C4-49C4-AC57-B4455C635B4E}.Debug|Any CPU.Build.0 = Debug|Any CPU
		{254AB778-40C4-49C4-AC57-B4455C635B4E}.Release|Any CPU.ActiveCfg = Release|Any CPU
		{254AB778-40C4-49C4-AC57-B4455C635B4E}.Release|Any CPU.Build.0 = Release|Any CPU
		{94483CE6-FD79-4E81-B551-9F1DB2CACB06}.Debug|Any CPU.ActiveCfg = Debug|Any CPU
		{94483CE6-FD79-4E81-B551-9F1DB2CACB06}.Debug|Any CPU.Build.0 = Debug|Any CPU
		{94483CE6-FD79-4E81-B551-9F1DB2CACB06}.Release|Any CPU.ActiveCfg = Release|Any CPU
		{94483CE6-FD79-4E81-B551-9F1DB2CACB06}.Release|Any CPU.Build.0 = Release|Any CPU
		{FABE6668-F28D-42DF-8F5C-C493555A8F74}.Debug|Any CPU.ActiveCfg = Debug|Any CPU
		{FABE6668-F28D-42DF-8F5C-C493555A8F74}.Debug|Any CPU.Build.0 = Debug|Any CPU
		{FABE6668-F28D-42DF-8F5C-C493555A8F74}.Release|Any CPU.ActiveCfg = Release|Any CPU
		{FABE6668-F28D-42DF-8F5C-C493555A8F74}.Release|Any CPU.Build.0 = Release|Any CPU
		{72D4A463-EF8D-4149-BD94-919DD18CE988}.Debug|Any CPU.ActiveCfg = Debug|Any CPU
		{72D4A463-EF8D-4149-BD94-919DD18CE988}.Debug|Any CPU.Build.0 = Debug|Any CPU
		{72D4A463-EF8D-4149-BD94-919DD18CE988}.Release|Any CPU.ActiveCfg = Release|Any CPU
		{72D4A463-EF8D-4149-BD94-919DD18CE988}.Release|Any CPU.Build.0 = Release|Any CPU
	EndGlobalSection
	GlobalSection(SolutionProperties) = preSolution
		HideSolutionNode = FALSE
	EndGlobalSection
	GlobalSection(NestedProjects) = preSolution
		{E9207C7E-BD01-4200-A2BE-5F53EFD84571} = {B0329A94-3CCB-48EE-9EA4-4A44C47AC834}
		{254AB778-40C4-49C4-AC57-B4455C635B4E} = {B0329A94-3CCB-48EE-9EA4-4A44C47AC834}
		{94483CE6-FD79-4E81-B551-9F1DB2CACB06} = {B0329A94-3CCB-48EE-9EA4-4A44C47AC834}
		{FABE6668-F28D-42DF-8F5C-C493555A8F74} = {B0329A94-3CCB-48EE-9EA4-4A44C47AC834}
		{72D4A463-EF8D-4149-BD94-919DD18CE988} = {B0329A94-3CCB-48EE-9EA4-4A44C47AC834}
	EndGlobalSection
EndGlobal
